
Microsoft Visual Studio Solution File, Format Version 12.00
# Visual Studio 2012
Project("{FAE04EC0-301F-11D3-BF4B-00C04F79EFBC}") = "VsShellContext", "VsShellContext\VsShellContext.csproj", "{500B0BD9-CC48-4350-AD7F-5E81B0EEDB0D}"
EndProject
Global
	GlobalSection(SolutionConfigurationPlatforms) = preSolution
		Debug|Any CPU = Debug|Any CPU
		Release|Any CPU = Release|Any CPU
	EndGlobalSection
	GlobalSection(ProjectConfigurationPlatforms) = postSolution
		{500B0BD9-CC48-4350-AD7F-5E81B0EEDB0D}.Debug|Any CPU.ActiveCfg = Debug|Any CPU
		{500B0BD9-CC48-4350-AD7F-5E81B0EEDB0D}.Debug|Any CPU.Build.0 = Debug|Any CPU
		{500B0BD9-CC48-4350-AD7F-5E81B0EEDB0D}.Release|Any CPU.ActiveCfg = Release|Any CPU
		{500B0BD9-CC48-4350-AD7F-5E81B0EEDB0D}.Release|Any CPU.Build.0 = Release|Any CPU
	EndGlobalSection
	GlobalSection(SolutionProperties) = preSolution
		HideSolutionNode = FALSE
	EndGlobalSection
EndGlobal
