
Microsoft Visual Studio Solution File, Format Version 12.00
# Visual Studio Version 16
VisualStudioVersion = 16.0.30310.162
MinimumVisualStudioVersion = 10.0.40219.1
Project("{FAE04EC0-301F-11D3-BF4B-00C04F79EFBC}") = "VsShellContext", "VSShellContext\VsShellContext.csproj", "{500B0BD9-CC48-4350-AD7F-5E81B0EEDB0D}"
EndProject
Global
	GlobalSection(SolutionConfigurationPlatforms) = preSolution
		Debug|Any CPU = Debug|Any CPU
		Release|Any CPU = Release|Any CPU
	EndGlobalSection
	GlobalSection(ProjectConfigurationPlatforms) = postSolution
		{500B0BD9-CC48-4350-AD7F-5E81B0EEDB0D}.Debug|Any CPU.ActiveCfg = Debug|Any CPU
		{500B0BD9-CC48-4350-AD7F-5E81B0EEDB0D}.Debug|Any CPU.Build.0 = Debug|Any CPU
		{500B0BD9-CC48-4350-AD7F-5E81B0EEDB0D}.Release|Any CPU.ActiveCfg = Release|Any CPU
		{500B0BD9-CC48-4350-AD7F-5E81B0EEDB0D}.Release|Any CPU.Build.0 = Release|Any CPU
	EndGlobalSection
	GlobalSection(SolutionProperties) = preSolution
		HideSolutionNode = FALSE
	EndGlobalSection
	GlobalSection(ExtensibilityGlobals) = postSolution
		SolutionGuid = {70E8162C-D5BC-4270-99FA-7BC292B3D85F}
	EndGlobalSection
EndGlobal
